// !$*UTF8*$!
{
	archiveVersion = 1;
	classes = {
	};
	objectVersion = 46;
	objects = {

/* Begin PBXBuildFile section */
		2E0926711956A322005F62A6 /* FHVideoRecorder.h in Headers */ = {isa = PBXBuildFile; fileRef = 2E09266F1956A322005F62A6 /* FHVideoRecorder.h */; };
		2E0926721956A322005F62A6 /* FHVideoRecorder.mm in Sources */ = {isa = PBXBuildFile; fileRef = 2E0926701956A322005F62A6 /* FHVideoRecorder.mm */; };
		6101938315B5494F008E5D04 /* codec_g726.c in Sources */ = {isa = PBXBuildFile; fileRef = 6101937915B5494F008E5D04 /* codec_g726.c */; };
		6101938415B5494F008E5D04 /* codec_g726.h in Headers */ = {isa = PBXBuildFile; fileRef = 6101937A15B5494F008E5D04 /* codec_g726.h */; };
		6101938515B5494F008E5D04 /* g72x.c in Sources */ = {isa = PBXBuildFile; fileRef = 6101937B15B5494F008E5D04 /* g72x.c */; };
		6101938615B5494F008E5D04 /* g72x.h in Headers */ = {isa = PBXBuildFile; fileRef = 6101937C15B5494F008E5D04 /* g72x.h */; };
		6101938715B5494F008E5D04 /* g711.c in Sources */ = {isa = PBXBuildFile; fileRef = 6101937D15B5494F008E5D04 /* g711.c */; };
		6101938815B5494F008E5D04 /* g726_16.c in Sources */ = {isa = PBXBuildFile; fileRef = 6101937E15B5494F008E5D04 /* g726_16.c */; };
		6101938915B5494F008E5D04 /* g726_24.c in Sources */ = {isa = PBXBuildFile; fileRef = 6101937F15B5494F008E5D04 /* g726_24.c */; };
		6101938A15B5494F008E5D04 /* g726_32.c in Sources */ = {isa = PBXBuildFile; fileRef = 6101938015B5494F008E5D04 /* g726_32.c */; };
		6101938B15B5494F008E5D04 /* g726_40.c in Sources */ = {isa = PBXBuildFile; fileRef = 6101938115B5494F008E5D04 /* g726_40.c */; };
		6101938C15B5494F008E5D04 /* private.h in Headers */ = {isa = PBXBuildFile; fileRef = 6101938215B5494F008E5D04 /* private.h */; };
		614AF7AC15A6675F009869D3 /* IOTCamera-Prefix.pch in Headers */ = {isa = PBXBuildFile; fileRef = 614AF7AB15A6675F009869D3 /* IOTCamera-Prefix.pch */; };
		614AF7D015A667AD009869D3 /* adpcm.cpp in Sources */ = {isa = PBXBuildFile; fileRef = 614AF7BF15A667AD009869D3 /* adpcm.cpp */; };
		614AF7D115A667AD009869D3 /* adpcm.h in Headers */ = {isa = PBXBuildFile; fileRef = 614AF7C015A667AD009869D3 /* adpcm.h */; };
		614AF7D215A667AD009869D3 /* AudioRecorder.h in Headers */ = {isa = PBXBuildFile; fileRef = 614AF7C115A667AD009869D3 /* AudioRecorder.h */; };
		614AF7D315A667AD009869D3 /* AudioRecorder.m in Sources */ = {isa = PBXBuildFile; fileRef = 614AF7C215A667AD009869D3 /* AudioRecorder.m */; };
		614AF7D415A667AD009869D3 /* Camera.h in Headers */ = {isa = PBXBuildFile; fileRef = 614AF7C315A667AD009869D3 /* Camera.h */; settings = {ATTRIBUTES = (Public, ); }; };
		614AF7D515A667AD009869D3 /* Camera.m in Sources */ = {isa = PBXBuildFile; fileRef = 614AF7C415A667AD009869D3 /* Camera.m */; };
		614AF7D615A667AD009869D3 /* Camera2.h in Headers */ = {isa = PBXBuildFile; fileRef = 614AF7C515A667AD009869D3 /* Camera2.h */; };
		614AF7D715A667AD009869D3 /* ip_block_fifo.c in Sources */ = {isa = PBXBuildFile; fileRef = 614AF7C615A667AD009869D3 /* ip_block_fifo.c */; };
		614AF7D815A667AD009869D3 /* ip_block_fifo.h in Headers */ = {isa = PBXBuildFile; fileRef = 614AF7C715A667AD009869D3 /* ip_block_fifo.h */; };
		614AF7D915A667AD009869D3 /* Monitor.h in Headers */ = {isa = PBXBuildFile; fileRef = 614AF7C815A667AD009869D3 /* Monitor.h */; settings = {ATTRIBUTES = (Public, ); }; };
		614AF7DA15A667AD009869D3 /* Monitor.m in Sources */ = {isa = PBXBuildFile; fileRef = 614AF7C915A667AD009869D3 /* Monitor.m */; };
		614AF7DB15A667AD009869D3 /* OpenALPlayer.h in Headers */ = {isa = PBXBuildFile; fileRef = 614AF7CA15A667AD009869D3 /* OpenALPlayer.h */; };
		614AF7DC15A667AD009869D3 /* OpenALPlayer.m in Sources */ = {isa = PBXBuildFile; fileRef = 614AF7CB15A667AD009869D3 /* OpenALPlayer.m */; };
		614AF7DD15A667AD009869D3 /* Queue.h in Headers */ = {isa = PBXBuildFile; fileRef = 614AF7CC15A667AD009869D3 /* Queue.h */; };
		614AF7DE15A667AD009869D3 /* Queue.m in Sources */ = {isa = PBXBuildFile; fileRef = 614AF7CD15A667AD009869D3 /* Queue.m */; };
		614AF7DF15A667AD009869D3 /* AVChannel.h in Headers */ = {isa = PBXBuildFile; fileRef = 614AF7CE15A667AD009869D3 /* AVChannel.h */; };
		614AF7E015A667AD009869D3 /* AVChannel.m in Sources */ = {isa = PBXBuildFile; fileRef = 614AF7CF15A667AD009869D3 /* AVChannel.m */; };
		61B9490715A66B210000BCF8 /* AVFRAMEINFO.h in Headers */ = {isa = PBXBuildFile; fileRef = 61B948FE15A66B200000BCF8 /* AVFRAMEINFO.h */; settings = {ATTRIBUTES = (Public, ); }; };
		61B9490815A66B210000BCF8 /* AVIOCTRLDEFs.h in Headers */ = {isa = PBXBuildFile; fileRef = 61B948FF15A66B200000BCF8 /* AVIOCTRLDEFs.h */; settings = {ATTRIBUTES = (Public, ); }; };
		61B9490E15A66B210000BCF8 /* platform_Config.h in Headers */ = {isa = PBXBuildFile; fileRef = 61B9490515A66B200000BCF8 /* platform_Config.h */; };
		61E550C915D9EACB00AA6184 /* libmpg123.a in Frameworks */ = {isa = PBXBuildFile; fileRef = 61E550AB15D9E92600AA6184 /* libmpg123.a */; };
		61E550CA15D9EACB00AA6184 /* libSpeex.a in Frameworks */ = {isa = PBXBuildFile; fileRef = 61E550B415D9E93700AA6184 /* libSpeex.a */; };
		61E550FC15D9F7A400AA6184 /* libH264Dec.a in Frameworks */ = {isa = PBXBuildFile; fileRef = 61E550FB15D9F71C00AA6184 /* libH264Dec.a */; };
		89479E2C1A272956003A6566 /* g711T.c in Sources */ = {isa = PBXBuildFile; fileRef = 89479E2A1A272956003A6566 /* g711T.c */; };
		89479E2D1A272956003A6566 /* g711T.h in Headers */ = {isa = PBXBuildFile; fileRef = 89479E2B1A272956003A6566 /* g711T.h */; };
		89A37C5F2011D9F500A6F0CD /* AudioToolbox.framework in Frameworks */ = {isa = PBXBuildFile; fileRef = 6101935315B505B4008E5D04 /* AudioToolbox.framework */; };
		89A37C612011D9FB00A6F0CD /* SystemConfiguration.framework in Frameworks */ = {isa = PBXBuildFile; fileRef = 89A37C602011D9FB00A6F0CD /* SystemConfiguration.framework */; };
		89A37C662011DA3100A6F0CD /* CoreGraphics.framework in Frameworks */ = {isa = PBXBuildFile; fileRef = 612B292515999D6F002E82F9 /* CoreGraphics.framework */; };
		89A37C682011DA3B00A6F0CD /* CoreVideo.framework in Frameworks */ = {isa = PBXBuildFile; fileRef = 89A37C672011DA3B00A6F0CD /* CoreVideo.framework */; };
		89A37C6A2011DA4500A6F0CD /* CoreMedia.framework in Frameworks */ = {isa = PBXBuildFile; fileRef = 89A37C692011DA4500A6F0CD /* CoreMedia.framework */; };
		89A37C6B2011DA4F00A6F0CD /* OpenAL.framework in Frameworks */ = {isa = PBXBuildFile; fileRef = 6101935115B505AE008E5D04 /* OpenAL.framework */; };
		89A37C6C2011DA7F00A6F0CD /* AVFoundation.framework in Frameworks */ = {isa = PBXBuildFile; fileRef = 8912D4E51FF117FF00C660AB /* AVFoundation.framework */; };
		89A37C702011DAFE00A6F0CD /* UIKit.framework in Frameworks */ = {isa = PBXBuildFile; fileRef = 612B292915999EB3002E82F9 /* UIKit.framework */; };
		89A37C75201203F500A6F0CD /* libIOTCAPIs_ALL.a in Frameworks */ = {isa = PBXBuildFile; fileRef = 89A37C6E2011DAD500A6F0CD /* libIOTCAPIs_ALL.a */; };
		89A37C7C2015E90300A6F0CD /* LANSearchDevice.m in Sources */ = {isa = PBXBuildFile; fileRef = 89A37C7A2015E90300A6F0CD /* LANSearchDevice.m */; };
		89A37C7D2015E90300A6F0CD /* LANSearchDevice.h in Headers */ = {isa = PBXBuildFile; fileRef = 89A37C7B2015E90300A6F0CD /* LANSearchDevice.h */; settings = {ATTRIBUTES = (Public, ); }; };
		89A37C7F2015E95C00A6F0CD /* CameraProtocol.h in Headers */ = {isa = PBXBuildFile; fileRef = 89A37C7E2015E95C00A6F0CD /* CameraProtocol.h */; settings = {ATTRIBUTES = (Public, ); }; };
		89C62B161ACE77C40004FF08 /* AVAPIs.h in Headers */ = {isa = PBXBuildFile; fileRef = 89C62B131ACE77C40004FF08 /* AVAPIs.h */; settings = {ATTRIBUTES = (Public, ); }; };
		89C62B171ACE77C40004FF08 /* IOTCAPIs.h in Headers */ = {isa = PBXBuildFile; fileRef = 89C62B141ACE77C40004FF08 /* IOTCAPIs.h */; settings = {ATTRIBUTES = (Public, ); }; };
		89C62B181ACE77C40004FF08 /* RDTAPIs.h in Headers */ = {isa = PBXBuildFile; fileRef = 89C62B151ACE77C40004FF08 /* RDTAPIs.h */; };
		B2111FE217F8028700BF0C0C /* H264iPhone.h in Headers */ = {isa = PBXBuildFile; fileRef = B2111FE117F8028700BF0C0C /* H264iPhone.h */; settings = {ATTRIBUTES = (Public, ); }; };
		B27738401808F5A300CA52DA /* NSCamera.h in Headers */ = {isa = PBXBuildFile; fileRef = B277383E1808F5A300CA52DA /* NSCamera.h */; settings = {ATTRIBUTES = (Public, ); }; };
		B27738421808F5A300CA52DA /* NSCamera.m in Sources */ = {isa = PBXBuildFile; fileRef = B277383F1808F5A300CA52DA /* NSCamera.m */; };
		B29F5C6F17F95BE7000CCC8A /* MjpegCamera.h in Headers */ = {isa = PBXBuildFile; fileRef = B29F5C6D17F95BE7000CCC8A /* MjpegCamera.h */; settings = {ATTRIBUTES = (Public, ); }; };
		B29F5C7017F95BE7000CCC8A /* MjpegCamera.m in Sources */ = {isa = PBXBuildFile; fileRef = B29F5C6E17F95BE7000CCC8A /* MjpegCamera.m */; };
		ED16C8EB1FE57F1F00DBA148 /* TwsThread.m in Sources */ = {isa = PBXBuildFile; fileRef = ED16C8E91FE57F1E00DBA148 /* TwsThread.m */; };
		ED16C8EC1FE57F1F00DBA148 /* TwsThread.h in Headers */ = {isa = PBXBuildFile; fileRef = ED16C8EA1FE57F1E00DBA148 /* TwsThread.h */; settings = {ATTRIBUTES = (Public, ); }; };
/* End PBXBuildFile section */

/* Begin PBXContainerItemProxy section */
		3E2A43DB15FEECDE000A2974 /* PBXContainerItemProxy */ = {
			isa = PBXContainerItemProxy;
			containerPortal = 61E550AC15D9E93600AA6184 /* Speex.xcodeproj */;
			proxyType = 1;
			remoteGlobalIDString = D2AAC07D0554694100DB518D;
			remoteInfo = Speex;
		};
		3E2A43DD15FEECE1000A2974 /* PBXContainerItemProxy */ = {
			isa = PBXContainerItemProxy;
			containerPortal = 61E550A315D9E92600AA6184 /* mpg123.xcodeproj */;
			proxyType = 1;
			remoteGlobalIDString = D852EA8114502F3B003BF6C4;
			remoteInfo = mpg123;
		};
		3E2A43DF15FEECE6000A2974 /* PBXContainerItemProxy */ = {
			isa = PBXContainerItemProxy;
			containerPortal = 61E550F315D9F71B00AA6184 /* H264Dec.xcodeproj */;
			proxyType = 1;
			remoteGlobalIDString = D2AAC07D0554694100DB518D;
			remoteInfo = H264Dec;
		};
		61E550AA15D9E92600AA6184 /* PBXContainerItemProxy */ = {
			isa = PBXContainerItemProxy;
			containerPortal = 61E550A315D9E92600AA6184 /* mpg123.xcodeproj */;
			proxyType = 2;
			remoteGlobalIDString = D852EA8214502F3B003BF6C4;
			remoteInfo = mpg123;
		};
		61E550B315D9E93700AA6184 /* PBXContainerItemProxy */ = {
			isa = PBXContainerItemProxy;
			containerPortal = 61E550AC15D9E93600AA6184 /* Speex.xcodeproj */;
			proxyType = 2;
			remoteGlobalIDString = D2AAC07E0554694100DB518D;
			remoteInfo = Speex;
		};
		61E550FA15D9F71C00AA6184 /* PBXContainerItemProxy */ = {
			isa = PBXContainerItemProxy;
			containerPortal = 61E550F315D9F71B00AA6184 /* H264Dec.xcodeproj */;
			proxyType = 2;
			remoteGlobalIDString = D2AAC07E0554694100DB518D;
			remoteInfo = H264Dec;
		};
/* End PBXContainerItemProxy section */

/* Begin PBXFileReference section */
		2E09266F1956A322005F62A6 /* FHVideoRecorder.h */ = {isa = PBXFileReference; fileEncoding = 4; lastKnownFileType = sourcecode.c.h; path = FHVideoRecorder.h; sourceTree = SOURCE_ROOT; };
		2E0926701956A322005F62A6 /* FHVideoRecorder.mm */ = {isa = PBXFileReference; fileEncoding = 4; lastKnownFileType = sourcecode.cpp.objcpp; path = FHVideoRecorder.mm; sourceTree = SOURCE_ROOT; };
		3E2A43D615FEEC49000A2974 /* IOTCamera_MJ4-Info.plist */ = {isa = PBXFileReference; lastKnownFileType = text.plist.xml; name = "IOTCamera_MJ4-Info.plist"; path = "IOTCamera_MJ4/IOTCamera_MJ4-Info.plist"; sourceTree = "<group>"; };
		6101935115B505AE008E5D04 /* OpenAL.framework */ = {isa = PBXFileReference; lastKnownFileType = wrapper.framework; name = OpenAL.framework; path = System/Library/Frameworks/OpenAL.framework; sourceTree = SDKROOT; };
		6101935315B505B4008E5D04 /* AudioToolbox.framework */ = {isa = PBXFileReference; lastKnownFileType = wrapper.framework; name = AudioToolbox.framework; path = System/Library/Frameworks/AudioToolbox.framework; sourceTree = SDKROOT; };
		6101937915B5494F008E5D04 /* codec_g726.c */ = {isa = PBXFileReference; fileEncoding = 4; lastKnownFileType = sourcecode.c.c; name = codec_g726.c; path = IOTCamera/codec_g726.c; sourceTree = SOURCE_ROOT; };
		6101937A15B5494F008E5D04 /* codec_g726.h */ = {isa = PBXFileReference; fileEncoding = 4; lastKnownFileType = sourcecode.c.h; name = codec_g726.h; path = IOTCamera/codec_g726.h; sourceTree = SOURCE_ROOT; };
		6101937B15B5494F008E5D04 /* g72x.c */ = {isa = PBXFileReference; fileEncoding = 4; lastKnownFileType = sourcecode.c.c; name = g72x.c; path = IOTCamera/g72x.c; sourceTree = SOURCE_ROOT; };
		6101937C15B5494F008E5D04 /* g72x.h */ = {isa = PBXFileReference; fileEncoding = 4; lastKnownFileType = sourcecode.c.h; name = g72x.h; path = IOTCamera/g72x.h; sourceTree = SOURCE_ROOT; };
		6101937D15B5494F008E5D04 /* g711.c */ = {isa = PBXFileReference; fileEncoding = 4; lastKnownFileType = sourcecode.c.c; name = g711.c; path = IOTCamera/g711.c; sourceTree = SOURCE_ROOT; };
		6101937E15B5494F008E5D04 /* g726_16.c */ = {isa = PBXFileReference; fileEncoding = 4; lastKnownFileType = sourcecode.c.c; name = g726_16.c; path = IOTCamera/g726_16.c; sourceTree = SOURCE_ROOT; };
		6101937F15B5494F008E5D04 /* g726_24.c */ = {isa = PBXFileReference; fileEncoding = 4; lastKnownFileType = sourcecode.c.c; name = g726_24.c; path = IOTCamera/g726_24.c; sourceTree = SOURCE_ROOT; };
		6101938015B5494F008E5D04 /* g726_32.c */ = {isa = PBXFileReference; fileEncoding = 4; lastKnownFileType = sourcecode.c.c; name = g726_32.c; path = IOTCamera/g726_32.c; sourceTree = SOURCE_ROOT; };
		6101938115B5494F008E5D04 /* g726_40.c */ = {isa = PBXFileReference; fileEncoding = 4; lastKnownFileType = sourcecode.c.c; name = g726_40.c; path = IOTCamera/g726_40.c; sourceTree = SOURCE_ROOT; };
		6101938215B5494F008E5D04 /* private.h */ = {isa = PBXFileReference; fileEncoding = 4; lastKnownFileType = sourcecode.c.h; name = private.h; path = IOTCamera/private.h; sourceTree = SOURCE_ROOT; };
		6108DB8515CB9BCC002966A2 /* libbz2.1.0.dylib */ = {isa = PBXFileReference; lastKnownFileType = "compiled.mach-o.dylib"; name = libbz2.1.0.dylib; path = usr/lib/libbz2.1.0.dylib; sourceTree = SDKROOT; };
		612B288F15999A29002E82F9 /* Foundation.framework */ = {isa = PBXFileReference; lastKnownFileType = wrapper.framework; name = Foundation.framework; path = System/Library/Frameworks/Foundation.framework; sourceTree = SDKROOT; };
		612B292515999D6F002E82F9 /* CoreGraphics.framework */ = {isa = PBXFileReference; lastKnownFileType = wrapper.framework; name = CoreGraphics.framework; path = System/Library/Frameworks/CoreGraphics.framework; sourceTree = SDKROOT; };
		612B292915999EB3002E82F9 /* UIKit.framework */ = {isa = PBXFileReference; lastKnownFileType = wrapper.framework; name = UIKit.framework; path = System/Library/Frameworks/UIKit.framework; sourceTree = SDKROOT; };
		612B293015999FC0002E82F9 /* CoreFoundation.framework */ = {isa = PBXFileReference; lastKnownFileType = wrapper.framework; name = CoreFoundation.framework; path = System/Library/Frameworks/CoreFoundation.framework; sourceTree = SDKROOT; };
		614AF7AB15A6675F009869D3 /* IOTCamera-Prefix.pch */ = {isa = PBXFileReference; fileEncoding = 4; lastKnownFileType = sourcecode.c.h; name = "IOTCamera-Prefix.pch"; path = "IOTCamera/IOTCamera-Prefix.pch"; sourceTree = SOURCE_ROOT; };
		614AF7BF15A667AD009869D3 /* adpcm.cpp */ = {isa = PBXFileReference; fileEncoding = 4; lastKnownFileType = sourcecode.cpp.cpp; name = adpcm.cpp; path = IOTCamera/adpcm.cpp; sourceTree = SOURCE_ROOT; };
		614AF7C015A667AD009869D3 /* adpcm.h */ = {isa = PBXFileReference; fileEncoding = 4; lastKnownFileType = sourcecode.c.h; name = adpcm.h; path = IOTCamera/adpcm.h; sourceTree = SOURCE_ROOT; };
		614AF7C115A667AD009869D3 /* AudioRecorder.h */ = {isa = PBXFileReference; fileEncoding = 4; lastKnownFileType = sourcecode.c.h; name = AudioRecorder.h; path = IOTCamera/AudioRecorder.h; sourceTree = SOURCE_ROOT; };
		614AF7C215A667AD009869D3 /* AudioRecorder.m */ = {isa = PBXFileReference; fileEncoding = 4; lastKnownFileType = sourcecode.c.objc; name = AudioRecorder.m; path = IOTCamera/AudioRecorder.m; sourceTree = SOURCE_ROOT; };
		614AF7C315A667AD009869D3 /* Camera.h */ = {isa = PBXFileReference; fileEncoding = 4; lastKnownFileType = sourcecode.c.h; name = Camera.h; path = IOTCamera/Camera.h; sourceTree = SOURCE_ROOT; };
		614AF7C415A667AD009869D3 /* Camera.m */ = {isa = PBXFileReference; fileEncoding = 4; lastKnownFileType = sourcecode.c.objc; name = Camera.m; path = IOTCamera/Camera.m; sourceTree = SOURCE_ROOT; };
		614AF7C515A667AD009869D3 /* Camera2.h */ = {isa = PBXFileReference; fileEncoding = 4; lastKnownFileType = sourcecode.c.h; name = Camera2.h; path = IOTCamera/Camera2.h; sourceTree = SOURCE_ROOT; };
		614AF7C615A667AD009869D3 /* ip_block_fifo.c */ = {isa = PBXFileReference; fileEncoding = 4; lastKnownFileType = sourcecode.c.c; name = ip_block_fifo.c; path = IOTCamera/ip_block_fifo.c; sourceTree = SOURCE_ROOT; };
		614AF7C715A667AD009869D3 /* ip_block_fifo.h */ = {isa = PBXFileReference; fileEncoding = 4; lastKnownFileType = sourcecode.c.h; name = ip_block_fifo.h; path = IOTCamera/ip_block_fifo.h; sourceTree = SOURCE_ROOT; };
		614AF7C815A667AD009869D3 /* Monitor.h */ = {isa = PBXFileReference; fileEncoding = 4; lastKnownFileType = sourcecode.c.h; name = Monitor.h; path = IOTCamera/Monitor.h; sourceTree = SOURCE_ROOT; };
		614AF7C915A667AD009869D3 /* Monitor.m */ = {isa = PBXFileReference; fileEncoding = 4; lastKnownFileType = sourcecode.c.objc; name = Monitor.m; path = IOTCamera/Monitor.m; sourceTree = SOURCE_ROOT; };
		614AF7CA15A667AD009869D3 /* OpenALPlayer.h */ = {isa = PBXFileReference; fileEncoding = 4; lastKnownFileType = sourcecode.c.h; name = OpenALPlayer.h; path = IOTCamera/OpenALPlayer.h; sourceTree = SOURCE_ROOT; };
		614AF7CB15A667AD009869D3 /* OpenALPlayer.m */ = {isa = PBXFileReference; fileEncoding = 4; lastKnownFileType = sourcecode.c.objc; name = OpenALPlayer.m; path = IOTCamera/OpenALPlayer.m; sourceTree = SOURCE_ROOT; };
		614AF7CC15A667AD009869D3 /* Queue.h */ = {isa = PBXFileReference; fileEncoding = 4; lastKnownFileType = sourcecode.c.h; name = Queue.h; path = IOTCamera/Queue.h; sourceTree = SOURCE_ROOT; };
		614AF7CD15A667AD009869D3 /* Queue.m */ = {isa = PBXFileReference; fileEncoding = 4; lastKnownFileType = sourcecode.c.objc; name = Queue.m; path = IOTCamera/Queue.m; sourceTree = SOURCE_ROOT; };
		614AF7CE15A667AD009869D3 /* AVChannel.h */ = {isa = PBXFileReference; fileEncoding = 4; lastKnownFileType = sourcecode.c.h; name = AVChannel.h; path = IOTCamera/AVChannel.h; sourceTree = SOURCE_ROOT; };
		614AF7CF15A667AD009869D3 /* AVChannel.m */ = {isa = PBXFileReference; fileEncoding = 4; lastKnownFileType = sourcecode.c.objc; name = AVChannel.m; path = IOTCamera/AVChannel.m; sourceTree = SOURCE_ROOT; };
		61B948FE15A66B200000BCF8 /* AVFRAMEINFO.h */ = {isa = PBXFileReference; fileEncoding = 4; lastKnownFileType = sourcecode.c.h; name = AVFRAMEINFO.h; path = IOTCamera/include/AVFRAMEINFO.h; sourceTree = SOURCE_ROOT; };
		61B948FF15A66B200000BCF8 /* AVIOCTRLDEFs.h */ = {isa = PBXFileReference; fileEncoding = 4; lastKnownFileType = sourcecode.c.h; name = AVIOCTRLDEFs.h; path = IOTCamera/include/AVIOCTRLDEFs.h; sourceTree = SOURCE_ROOT; };
		61B9490515A66B200000BCF8 /* platform_Config.h */ = {isa = PBXFileReference; fileEncoding = 4; lastKnownFileType = sourcecode.c.h; name = platform_Config.h; path = IOTCamera/include/platform_Config.h; sourceTree = SOURCE_ROOT; };
		61E550A315D9E92600AA6184 /* mpg123.xcodeproj */ = {isa = PBXFileReference; lastKnownFileType = "wrapper.pb-project"; name = mpg123.xcodeproj; path = "mpg123-1.13.4/ports/iPhone/mpg123.xcodeproj"; sourceTree = "<group>"; };
		61E550AC15D9E93600AA6184 /* Speex.xcodeproj */ = {isa = PBXFileReference; lastKnownFileType = "wrapper.pb-project"; name = Speex.xcodeproj; path = "speex-1.2rc1/ios/Speex.xcodeproj"; sourceTree = "<group>"; };
		61E550F315D9F71B00AA6184 /* H264Dec.xcodeproj */ = {isa = PBXFileReference; lastKnownFileType = "wrapper.pb-project"; name = H264Dec.xcodeproj; path = H264Dec/H264Dec.xcodeproj; sourceTree = "<group>"; };
		61EC09AD1599B9E800BE959E /* IOTCamera.framework */ = {isa = PBXFileReference; explicitFileType = wrapper.cfbundle; includeInIndex = 0; path = IOTCamera.framework; sourceTree = BUILT_PRODUCTS_DIR; };
		8912D3FE1FF10EA100C660AB /* IOTCamera-Info.plist */ = {isa = PBXFileReference; fileEncoding = 4; lastKnownFileType = text.plist.xml; name = "IOTCamera-Info.plist"; path = "IOTCamera/IOTCamera-Info.plist"; sourceTree = SOURCE_ROOT; };
		8912D4631FF1112A00C660AB /* IOTCamera copy-Info.plist */ = {isa = PBXFileReference; lastKnownFileType = text.plist.xml; name = "IOTCamera copy-Info.plist"; path = "/Users/Tenvis/Desktop/Github/tenvisty_ios/IOTCamera/IOTCamera copy-Info.plist"; sourceTree = "<absolute>"; };
		8912D4E51FF117FF00C660AB /* AVFoundation.framework */ = {isa = PBXFileReference; lastKnownFileType = wrapper.framework; name = AVFoundation.framework; path = System/Library/Frameworks/AVFoundation.framework; sourceTree = SDKROOT; };
		89479E2A1A272956003A6566 /* g711T.c */ = {isa = PBXFileReference; fileEncoding = 4; lastKnownFileType = sourcecode.c.c; path = g711T.c; sourceTree = "<group>"; };
		89479E2B1A272956003A6566 /* g711T.h */ = {isa = PBXFileReference; fileEncoding = 4; lastKnownFileType = sourcecode.c.h; path = g711T.h; sourceTree = "<group>"; };
		89A37C602011D9FB00A6F0CD /* SystemConfiguration.framework */ = {isa = PBXFileReference; lastKnownFileType = wrapper.framework; name = SystemConfiguration.framework; path = System/Library/Frameworks/SystemConfiguration.framework; sourceTree = SDKROOT; };
		89A37C622011DA0800A6F0CD /* libstdc++.6.0.9.tbd */ = {isa = PBXFileReference; lastKnownFileType = "sourcecode.text-based-dylib-definition"; name = "libstdc++.6.0.9.tbd"; path = "usr/lib/libstdc++.6.0.9.tbd"; sourceTree = SDKROOT; };
		89A37C642011DA1700A6F0CD /* libz.1.2.5.tbd */ = {isa = PBXFileReference; lastKnownFileType = "sourcecode.text-based-dylib-definition"; name = libz.1.2.5.tbd; path = usr/lib/libz.1.2.5.tbd; sourceTree = SDKROOT; };
		89A37C672011DA3B00A6F0CD /* CoreVideo.framework */ = {isa = PBXFileReference; lastKnownFileType = wrapper.framework; name = CoreVideo.framework; path = System/Library/Frameworks/CoreVideo.framework; sourceTree = SDKROOT; };
		89A37C692011DA4500A6F0CD /* CoreMedia.framework */ = {isa = PBXFileReference; lastKnownFileType = wrapper.framework; name = CoreMedia.framework; path = System/Library/Frameworks/CoreMedia.framework; sourceTree = SDKROOT; };
		89A37C6E2011DAD500A6F0CD /* libIOTCAPIs_ALL.a */ = {isa = PBXFileReference; lastKnownFileType = archive.ar; name = libIOTCAPIs_ALL.a; path = lib/libIOTCAPIs_ALL.a; sourceTree = "<group>"; };
		89A37C7A2015E90300A6F0CD /* LANSearchDevice.m */ = {isa = PBXFileReference; fileEncoding = 4; lastKnownFileType = sourcecode.c.objc; name = LANSearchDevice.m; path = IOTCamera/LANSearchDevice.m; sourceTree = SOURCE_ROOT; };
		89A37C7B2015E90300A6F0CD /* LANSearchDevice.h */ = {isa = PBXFileReference; fileEncoding = 4; lastKnownFileType = sourcecode.c.h; name = LANSearchDevice.h; path = IOTCamera/LANSearchDevice.h; sourceTree = SOURCE_ROOT; };
		89A37C7E2015E95C00A6F0CD /* CameraProtocol.h */ = {isa = PBXFileReference; fileEncoding = 4; lastKnownFileType = sourcecode.c.h; name = CameraProtocol.h; path = IOTCamera/CameraProtocol.h; sourceTree = SOURCE_ROOT; };
		89C62B131ACE77C40004FF08 /* AVAPIs.h */ = {isa = PBXFileReference; fileEncoding = 4; lastKnownFileType = sourcecode.c.h; name = AVAPIs.h; path = IOTCamera/include/AVAPIs.h; sourceTree = SOURCE_ROOT; };
		89C62B141ACE77C40004FF08 /* IOTCAPIs.h */ = {isa = PBXFileReference; fileEncoding = 4; lastKnownFileType = sourcecode.c.h; name = IOTCAPIs.h; path = IOTCamera/include/IOTCAPIs.h; sourceTree = SOURCE_ROOT; };
		89C62B151ACE77C40004FF08 /* RDTAPIs.h */ = {isa = PBXFileReference; fileEncoding = 4; lastKnownFileType = sourcecode.c.h; name = RDTAPIs.h; path = IOTCamera/include/RDTAPIs.h; sourceTree = SOURCE_ROOT; };
		B2111FE117F8028700BF0C0C /* H264iPhone.h */ = {isa = PBXFileReference; lastKnownFileType = sourcecode.c.h; name = H264iPhone.h; path = H264Dec/h264dec/H264iPhone.h; sourceTree = "<group>"; };
		B277383E1808F5A300CA52DA /* NSCamera.h */ = {isa = PBXFileReference; fileEncoding = 4; lastKnownFileType = sourcecode.c.h; name = NSCamera.h; path = IOTCamera/NSCamera.h; sourceTree = SOURCE_ROOT; };
		B277383F1808F5A300CA52DA /* NSCamera.m */ = {isa = PBXFileReference; fileEncoding = 4; lastKnownFileType = sourcecode.c.objc; name = NSCamera.m; path = IOTCamera/NSCamera.m; sourceTree = SOURCE_ROOT; };
		B29F5C6D17F95BE7000CCC8A /* MjpegCamera.h */ = {isa = PBXFileReference; fileEncoding = 4; lastKnownFileType = sourcecode.c.h; path = MjpegCamera.h; sourceTree = SOURCE_ROOT; };
		B29F5C6E17F95BE7000CCC8A /* MjpegCamera.m */ = {isa = PBXFileReference; fileEncoding = 4; lastKnownFileType = sourcecode.c.objc; path = MjpegCamera.m; sourceTree = SOURCE_ROOT; };
		ED16C8E91FE57F1E00DBA148 /* TwsThread.m */ = {isa = PBXFileReference; fileEncoding = 4; lastKnownFileType = sourcecode.c.objc; name = TwsThread.m; path = IOTCamera/TwsThread.m; sourceTree = SOURCE_ROOT; };
		ED16C8EA1FE57F1E00DBA148 /* TwsThread.h */ = {isa = PBXFileReference; fileEncoding = 4; lastKnownFileType = sourcecode.c.h; name = TwsThread.h; path = IOTCamera/TwsThread.h; sourceTree = SOURCE_ROOT; };
/* End PBXFileReference section */

/* Begin PBXFrameworksBuildPhase section */
		61EC09AA1599B9E800BE959E /* Frameworks */ = {
			isa = PBXFrameworksBuildPhase;
			buildActionMask = 2147483647;
			files = (
				89A37C75201203F500A6F0CD /* libIOTCAPIs_ALL.a in Frameworks */,
				89A37C702011DAFE00A6F0CD /* UIKit.framework in Frameworks */,
				89A37C6C2011DA7F00A6F0CD /* AVFoundation.framework in Frameworks */,
				89A37C6B2011DA4F00A6F0CD /* OpenAL.framework in Frameworks */,
				89A37C6A2011DA4500A6F0CD /* CoreMedia.framework in Frameworks */,
				89A37C682011DA3B00A6F0CD /* CoreVideo.framework in Frameworks */,
				89A37C662011DA3100A6F0CD /* CoreGraphics.framework in Frameworks */,
				89A37C612011D9FB00A6F0CD /* SystemConfiguration.framework in Frameworks */,
				89A37C5F2011D9F500A6F0CD /* AudioToolbox.framework in Frameworks */,
				61E550FC15D9F7A400AA6184 /* libH264Dec.a in Frameworks */,
				61E550C915D9EACB00AA6184 /* libmpg123.a in Frameworks */,
				61E550CA15D9EACB00AA6184 /* libSpeex.a in Frameworks */,
			);
			runOnlyForDeploymentPostprocessing = 0;
		};
/* End PBXFrameworksBuildPhase section */

/* Begin PBXGroup section */
		2E09266E1956A316005F62A6 /* record */ = {
			isa = PBXGroup;
			children = (
				2E09266F1956A322005F62A6 /* FHVideoRecorder.h */,
				2E0926701956A322005F62A6 /* FHVideoRecorder.mm */,
			);
			name = record;
			sourceTree = "<group>";
		};
		3E2A43D515FEEC0D000A2974 /* IOTCamera_MJ4 */ = {
			isa = PBXGroup;
			children = (
				3E2A43D615FEEC49000A2974 /* IOTCamera_MJ4-Info.plist */,
			);
			name = IOTCamera_MJ4;
			sourceTree = "<group>";
		};
		6101936415B548EE008E5D04 /* G726 */ = {
			isa = PBXGroup;
			children = (
				6101937915B5494F008E5D04 /* codec_g726.c */,
				6101937A15B5494F008E5D04 /* codec_g726.h */,
				6101937B15B5494F008E5D04 /* g72x.c */,
				6101937C15B5494F008E5D04 /* g72x.h */,
				6101937D15B5494F008E5D04 /* g711.c */,
				6101937E15B5494F008E5D04 /* g726_16.c */,
				6101937F15B5494F008E5D04 /* g726_24.c */,
				6101938015B5494F008E5D04 /* g726_32.c */,
				6101938115B5494F008E5D04 /* g726_40.c */,
				6101938215B5494F008E5D04 /* private.h */,
			);
			name = G726;
			sourceTree = "<group>";
		};
		612B288115999A29002E82F9 = {
			isa = PBXGroup;
			children = (
				B2111FE117F8028700BF0C0C /* H264iPhone.h */,
				3E2A43D515FEEC0D000A2974 /* IOTCamera_MJ4 */,
				612B29421599A057002E82F9 /* IOTCamera */,
				612B288E15999A29002E82F9 /* Frameworks */,
				612B288D15999A29002E82F9 /* Products */,
				8912D4631FF1112A00C660AB /* IOTCamera copy-Info.plist */,
			);
			sourceTree = "<group>";
		};
		612B288D15999A29002E82F9 /* Products */ = {
			isa = PBXGroup;
			children = (
				61EC09AD1599B9E800BE959E /* IOTCamera.framework */,
			);
			name = Products;
			sourceTree = "<group>";
		};
		612B288E15999A29002E82F9 /* Frameworks */ = {
			isa = PBXGroup;
			children = (
				89A37C6E2011DAD500A6F0CD /* libIOTCAPIs_ALL.a */,
				89A37C692011DA4500A6F0CD /* CoreMedia.framework */,
				89A37C672011DA3B00A6F0CD /* CoreVideo.framework */,
				89A37C642011DA1700A6F0CD /* libz.1.2.5.tbd */,
				89A37C622011DA0800A6F0CD /* libstdc++.6.0.9.tbd */,
				89A37C602011D9FB00A6F0CD /* SystemConfiguration.framework */,
				8912D4E51FF117FF00C660AB /* AVFoundation.framework */,
				61E550F315D9F71B00AA6184 /* H264Dec.xcodeproj */,
				61E550AC15D9E93600AA6184 /* Speex.xcodeproj */,
				61E550A315D9E92600AA6184 /* mpg123.xcodeproj */,
				6108DB8515CB9BCC002966A2 /* libbz2.1.0.dylib */,
				6101935315B505B4008E5D04 /* AudioToolbox.framework */,
				6101935115B505AE008E5D04 /* OpenAL.framework */,
				612B292515999D6F002E82F9 /* CoreGraphics.framework */,
				612B288F15999A29002E82F9 /* Foundation.framework */,
				612B292915999EB3002E82F9 /* UIKit.framework */,
				612B293015999FC0002E82F9 /* CoreFoundation.framework */,
			);
			name = Frameworks;
			sourceTree = "<group>";
		};
		612B289115999A29002E82F9 /* Classes */ = {
			isa = PBXGroup;
			children = (
				89A37C7E2015E95C00A6F0CD /* CameraProtocol.h */,
				89A37C7B2015E90300A6F0CD /* LANSearchDevice.h */,
				89A37C7A2015E90300A6F0CD /* LANSearchDevice.m */,
				ED16C8EA1FE57F1E00DBA148 /* TwsThread.h */,
				ED16C8E91FE57F1E00DBA148 /* TwsThread.m */,
				89C62B131ACE77C40004FF08 /* AVAPIs.h */,
				89C62B141ACE77C40004FF08 /* IOTCAPIs.h */,
				89C62B151ACE77C40004FF08 /* RDTAPIs.h */,
				2E09266E1956A316005F62A6 /* record */,
				61557F4815CB665B009D0775 /* Audio */,
				61B948FE15A66B200000BCF8 /* AVFRAMEINFO.h */,
				61B948FF15A66B200000BCF8 /* AVIOCTRLDEFs.h */,
				61B9490515A66B200000BCF8 /* platform_Config.h */,
				614AF7C115A667AD009869D3 /* AudioRecorder.h */,
				614AF7C215A667AD009869D3 /* AudioRecorder.m */,
				B277383E1808F5A300CA52DA /* NSCamera.h */,
				B277383F1808F5A300CA52DA /* NSCamera.m */,
				614AF7C315A667AD009869D3 /* Camera.h */,
				614AF7C415A667AD009869D3 /* Camera.m */,
				B29F5C6D17F95BE7000CCC8A /* MjpegCamera.h */,
				B29F5C6E17F95BE7000CCC8A /* MjpegCamera.m */,
				614AF7C515A667AD009869D3 /* Camera2.h */,
				614AF7C615A667AD009869D3 /* ip_block_fifo.c */,
				614AF7C715A667AD009869D3 /* ip_block_fifo.h */,
				614AF7C815A667AD009869D3 /* Monitor.h */,
				614AF7C915A667AD009869D3 /* Monitor.m */,
				614AF7CA15A667AD009869D3 /* OpenALPlayer.h */,
				614AF7CB15A667AD009869D3 /* OpenALPlayer.m */,
				614AF7CC15A667AD009869D3 /* Queue.h */,
				614AF7CD15A667AD009869D3 /* Queue.m */,
				614AF7CE15A667AD009869D3 /* AVChannel.h */,
				614AF7CF15A667AD009869D3 /* AVChannel.m */,
				612B289D15999AAA002E82F9 /* lib */,
			);
			name = Classes;
			sourceTree = "<group>";
		};
		612B289D15999AAA002E82F9 /* lib */ = {
			isa = PBXGroup;
			children = (
			);
			name = lib;
			sourceTree = "<group>";
		};
		612B29421599A057002E82F9 /* IOTCamera */ = {
			isa = PBXGroup;
			children = (
				8912D3FE1FF10EA100C660AB /* IOTCamera-Info.plist */,
				61EC09B01599B9E800BE959E /* Supporting Files */,
				612B289115999A29002E82F9 /* Classes */,
			);
			name = IOTCamera;
			path = IOTCamComponent;
			sourceTree = "<group>";
		};
		61557F4815CB665B009D0775 /* Audio */ = {
			isa = PBXGroup;
			children = (
				89479E291A272956003A6566 /* G711 */,
				61557F4915CB6664009D0775 /* ADPCM */,
				6101936415B548EE008E5D04 /* G726 */,
			);
			name = Audio;
			sourceTree = "<group>";
		};
		61557F4915CB6664009D0775 /* ADPCM */ = {
			isa = PBXGroup;
			children = (
				614AF7BF15A667AD009869D3 /* adpcm.cpp */,
				614AF7C015A667AD009869D3 /* adpcm.h */,
			);
			name = ADPCM;
			sourceTree = "<group>";
		};
		61E550A415D9E92600AA6184 /* Products */ = {
			isa = PBXGroup;
			children = (
				61E550AB15D9E92600AA6184 /* libmpg123.a */,
			);
			name = Products;
			sourceTree = "<group>";
		};
		61E550AD15D9E93600AA6184 /* Products */ = {
			isa = PBXGroup;
			children = (
				61E550B415D9E93700AA6184 /* libSpeex.a */,
			);
			name = Products;
			sourceTree = "<group>";
		};
		61E550F415D9F71B00AA6184 /* Products */ = {
			isa = PBXGroup;
			children = (
				61E550FB15D9F71C00AA6184 /* libH264Dec.a */,
			);
			name = Products;
			sourceTree = "<group>";
		};
		61EC09B01599B9E800BE959E /* Supporting Files */ = {
			isa = PBXGroup;
			children = (
				614AF7AB15A6675F009869D3 /* IOTCamera-Prefix.pch */,
			);
			name = "Supporting Files";
			sourceTree = "<group>";
		};
		89479E291A272956003A6566 /* G711 */ = {
			isa = PBXGroup;
			children = (
				89479E2A1A272956003A6566 /* g711T.c */,
				89479E2B1A272956003A6566 /* g711T.h */,
			);
			name = G711;
			path = IOTCamera/G711;
			sourceTree = SOURCE_ROOT;
		};
/* End PBXGroup section */

/* Begin PBXHeadersBuildPhase section */
		61EC09E11599BE2000BE959E /* Headers */ = {
			isa = PBXHeadersBuildPhase;
			buildActionMask = 2147483647;
			files = (
				89A37C7D2015E90300A6F0CD /* LANSearchDevice.h in Headers */,
				89A37C7F2015E95C00A6F0CD /* CameraProtocol.h in Headers */,
				ED16C8EC1FE57F1F00DBA148 /* TwsThread.h in Headers */,
				B2111FE217F8028700BF0C0C /* H264iPhone.h in Headers */,
				614AF7D415A667AD009869D3 /* Camera.h in Headers */,
				614AF7D915A667AD009869D3 /* Monitor.h in Headers */,
				61B9490715A66B210000BCF8 /* AVFRAMEINFO.h in Headers */,
				89C62B171ACE77C40004FF08 /* IOTCAPIs.h in Headers */,
				61B9490815A66B210000BCF8 /* AVIOCTRLDEFs.h in Headers */,
				B29F5C6F17F95BE7000CCC8A /* MjpegCamera.h in Headers */,
				B27738401808F5A300CA52DA /* NSCamera.h in Headers */,
				89C62B161ACE77C40004FF08 /* AVAPIs.h in Headers */,
				614AF7AC15A6675F009869D3 /* IOTCamera-Prefix.pch in Headers */,
				614AF7D115A667AD009869D3 /* adpcm.h in Headers */,
				614AF7D215A667AD009869D3 /* AudioRecorder.h in Headers */,
				614AF7D615A667AD009869D3 /* Camera2.h in Headers */,
				89C62B181ACE77C40004FF08 /* RDTAPIs.h in Headers */,
				614AF7D815A667AD009869D3 /* ip_block_fifo.h in Headers */,
				89479E2D1A272956003A6566 /* g711T.h in Headers */,
				614AF7DB15A667AD009869D3 /* OpenALPlayer.h in Headers */,
				614AF7DD15A667AD009869D3 /* Queue.h in Headers */,
				614AF7DF15A667AD009869D3 /* AVChannel.h in Headers */,
				61B9490E15A66B210000BCF8 /* platform_Config.h in Headers */,
				2E0926711956A322005F62A6 /* FHVideoRecorder.h in Headers */,
				6101938415B5494F008E5D04 /* codec_g726.h in Headers */,
				6101938615B5494F008E5D04 /* g72x.h in Headers */,
				6101938C15B5494F008E5D04 /* private.h in Headers */,
			);
			runOnlyForDeploymentPostprocessing = 0;
		};
/* End PBXHeadersBuildPhase section */

/* Begin PBXNativeTarget section */
		61EC09AC1599B9E800BE959E /* IOTCamera */ = {
			isa = PBXNativeTarget;
			buildConfigurationList = 61EC09B61599B9E800BE959E /* Build configuration list for PBXNativeTarget "IOTCamera" */;
			buildPhases = (
				61EC09A91599B9E800BE959E /* Sources */,
				61EC09AA1599B9E800BE959E /* Frameworks */,
				61EC09AB1599B9E800BE959E /* Resources */,
				61EC09E11599BE2000BE959E /* Headers */,
			);
			buildRules = (
			);
			dependencies = (
				3E2A43E015FEECE6000A2974 /* PBXTargetDependency */,
				3E2A43DE15FEECE1000A2974 /* PBXTargetDependency */,
				3E2A43DC15FEECDE000A2974 /* PBXTargetDependency */,
			);
			name = IOTCamera;
			productName = IOTCamComponent;
			productReference = 61EC09AD1599B9E800BE959E /* IOTCamera.framework */;
			productType = "com.apple.product-type.bundle";
		};
/* End PBXNativeTarget section */

/* Begin PBXProject section */
		612B288315999A29002E82F9 /* Project object */ = {
			isa = PBXProject;
			attributes = {
				LastUpgradeCheck = 0920;
			};
			buildConfigurationList = 612B288615999A29002E82F9 /* Build configuration list for PBXProject "IOTCamera" */;
			compatibilityVersion = "Xcode 3.2";
			developmentRegion = English;
			hasScannedForEncodings = 0;
			knownRegions = (
				en,
			);
			mainGroup = 612B288115999A29002E82F9;
			productRefGroup = 612B288D15999A29002E82F9 /* Products */;
			projectDirPath = "";
			projectReferences = (
				{
					ProductGroup = 61E550F415D9F71B00AA6184 /* Products */;
					ProjectRef = 61E550F315D9F71B00AA6184 /* H264Dec.xcodeproj */;
				},
				{
					ProductGroup = 61E550A415D9E92600AA6184 /* Products */;
					ProjectRef = 61E550A315D9E92600AA6184 /* mpg123.xcodeproj */;
				},
				{
					ProductGroup = 61E550AD15D9E93600AA6184 /* Products */;
					ProjectRef = 61E550AC15D9E93600AA6184 /* Speex.xcodeproj */;
				},
			);
			projectRoot = "";
			targets = (
				61EC09AC1599B9E800BE959E /* IOTCamera */,
			);
		};
/* End PBXProject section */

/* Begin PBXReferenceProxy section */
		61E550AB15D9E92600AA6184 /* libmpg123.a */ = {
			isa = PBXReferenceProxy;
			fileType = archive.ar;
			path = libmpg123.a;
			remoteRef = 61E550AA15D9E92600AA6184 /* PBXContainerItemProxy */;
			sourceTree = BUILT_PRODUCTS_DIR;
		};
		61E550B415D9E93700AA6184 /* libSpeex.a */ = {
			isa = PBXReferenceProxy;
			fileType = archive.ar;
			path = libSpeex.a;
			remoteRef = 61E550B315D9E93700AA6184 /* PBXContainerItemProxy */;
			sourceTree = BUILT_PRODUCTS_DIR;
		};
		61E550FB15D9F71C00AA6184 /* libH264Dec.a */ = {
			isa = PBXReferenceProxy;
			fileType = archive.ar;
			path = libH264Dec.a;
			remoteRef = 61E550FA15D9F71C00AA6184 /* PBXContainerItemProxy */;
			sourceTree = BUILT_PRODUCTS_DIR;
		};
/* End PBXReferenceProxy section */

/* Begin PBXResourcesBuildPhase section */
		61EC09AB1599B9E800BE959E /* Resources */ = {
			isa = PBXResourcesBuildPhase;
			buildActionMask = 2147483647;
			files = (
			);
			runOnlyForDeploymentPostprocessing = 0;
		};
/* End PBXResourcesBuildPhase section */

/* Begin PBXSourcesBuildPhase section */
		61EC09A91599B9E800BE959E /* Sources */ = {
			isa = PBXSourcesBuildPhase;
			buildActionMask = 2147483647;
			files = (
				89479E2C1A272956003A6566 /* g711T.c in Sources */,
				B29F5C7017F95BE7000CCC8A /* MjpegCamera.m in Sources */,
				614AF7D015A667AD009869D3 /* adpcm.cpp in Sources */,
				614AF7D315A667AD009869D3 /* AudioRecorder.m in Sources */,
				614AF7D515A667AD009869D3 /* Camera.m in Sources */,
				614AF7D715A667AD009869D3 /* ip_block_fifo.c in Sources */,
				614AF7DA15A667AD009869D3 /* Monitor.m in Sources */,
				614AF7DC15A667AD009869D3 /* OpenALPlayer.m in Sources */,
				89A37C7C2015E90300A6F0CD /* LANSearchDevice.m in Sources */,
				614AF7DE15A667AD009869D3 /* Queue.m in Sources */,
				2E0926721956A322005F62A6 /* FHVideoRecorder.mm in Sources */,
				614AF7E015A667AD009869D3 /* AVChannel.m in Sources */,
				6101938315B5494F008E5D04 /* codec_g726.c in Sources */,
				6101938515B5494F008E5D04 /* g72x.c in Sources */,
				6101938715B5494F008E5D04 /* g711.c in Sources */,
				6101938815B5494F008E5D04 /* g726_16.c in Sources */,
				6101938915B5494F008E5D04 /* g726_24.c in Sources */,
				6101938A15B5494F008E5D04 /* g726_32.c in Sources */,
				6101938B15B5494F008E5D04 /* g726_40.c in Sources */,
				ED16C8EB1FE57F1F00DBA148 /* TwsThread.m in Sources */,
				B27738421808F5A300CA52DA /* NSCamera.m in Sources */,
			);
			runOnlyForDeploymentPostprocessing = 0;
		};
/* End PBXSourcesBuildPhase section */

/* Begin PBXTargetDependency section */
		3E2A43DC15FEECDE000A2974 /* PBXTargetDependency */ = {
			isa = PBXTargetDependency;
			name = Speex;
			targetProxy = 3E2A43DB15FEECDE000A2974 /* PBXContainerItemProxy */;
		};
		3E2A43DE15FEECE1000A2974 /* PBXTargetDependency */ = {
			isa = PBXTargetDependency;
			name = mpg123;
			targetProxy = 3E2A43DD15FEECE1000A2974 /* PBXContainerItemProxy */;
		};
		3E2A43E015FEECE6000A2974 /* PBXTargetDependency */ = {
			isa = PBXTargetDependency;
			name = H264Dec;
			targetProxy = 3E2A43DF15FEECE6000A2974 /* PBXContainerItemProxy */;
		};
/* End PBXTargetDependency section */

/* Begin XCBuildConfiguration section */
		612B289715999A29002E82F9 /* Debug */ = {
			isa = XCBuildConfiguration;
			buildSettings = {
				ALWAYS_SEARCH_USER_PATHS = NO;
				CLANG_WARN_BLOCK_CAPTURE_AUTORELEASING = YES;
				CLANG_WARN_BOOL_CONVERSION = YES;
				CLANG_WARN_COMMA = YES;
				CLANG_WARN_CONSTANT_CONVERSION = YES;
				CLANG_WARN_EMPTY_BODY = YES;
				CLANG_WARN_ENUM_CONVERSION = YES;
				CLANG_WARN_INFINITE_RECURSION = YES;
				CLANG_WARN_INT_CONVERSION = YES;
				CLANG_WARN_NON_LITERAL_NULL_CONVERSION = YES;
				CLANG_WARN_OBJC_LITERAL_CONVERSION = YES;
				CLANG_WARN_RANGE_LOOP_ANALYSIS = YES;
				CLANG_WARN_STRICT_PROTOTYPES = YES;
				CLANG_WARN_SUSPICIOUS_MOVE = YES;
				CLANG_WARN_UNREACHABLE_CODE = YES;
				CLANG_WARN__DUPLICATE_METHOD_MATCH = YES;
				CONFIGURATION_BUILD_DIR = "../lib/$(CONFIGURATION)$(EFFECTIVE_PLATFORM_NAME)";
				COPY_PHASE_STRIP = NO;
				DEFINES_MODULE = NO;
				DEPLOYMENT_LOCATION = YES;
				DSTROOT = ../tenvisty/lib;
				ENABLE_BITCODE = NO;
				ENABLE_STRICT_OBJC_MSGSEND = YES;
				ENABLE_TESTABILITY = YES;
				GCC_C_LANGUAGE_STANDARD = gnu99;
				GCC_DYNAMIC_NO_PIC = NO;
				GCC_NO_COMMON_BLOCKS = YES;
				GCC_OPTIMIZATION_LEVEL = 0;
				GCC_PREPROCESSOR_DEFINITIONS = (
					"DEBUG=1",
					"$(inherited)",
				);
				GCC_SYMBOLS_PRIVATE_EXTERN = NO;
				GCC_VERSION = com.apple.compilers.llvm.clang.1_0;
				GCC_WARN_64_TO_32_BIT_CONVERSION = YES;
				GCC_WARN_ABOUT_RETURN_TYPE = YES;
				GCC_WARN_UNDECLARED_SELECTOR = YES;
				GCC_WARN_UNINITIALIZED_AUTOS = YES;
				GCC_WARN_UNUSED_FUNCTION = YES;
				GCC_WARN_UNUSED_VARIABLE = YES;
				HEADER_SEARCH_PATHS = (
					"speex-1.2rc1/include",
					"mpg123-1.13.4/src/libmpg123",
					IOTCamera/include,
				);
				IPHONEOS_DEPLOYMENT_TARGET = 8.0;
				LINK_WITH_STANDARD_LIBRARIES = YES;
				MACH_O_TYPE = mh_object;
				MACOSX_DEPLOYMENT_TARGET = 10.7;
				ONLY_ACTIVE_ARCH = YES;
				SDKROOT = iphoneos;
				SKIP_INSTALL = YES;
				STRIP_STYLE = "non-global";
				TARGETED_DEVICE_FAMILY = "1,2";
			};
			name = Debug;
		};
		612B289815999A29002E82F9 /* Release */ = {
			isa = XCBuildConfiguration;
			buildSettings = {
				ALWAYS_SEARCH_USER_PATHS = NO;
				CLANG_WARN_BLOCK_CAPTURE_AUTORELEASING = YES;
				CLANG_WARN_BOOL_CONVERSION = YES;
				CLANG_WARN_COMMA = YES;
				CLANG_WARN_CONSTANT_CONVERSION = YES;
				CLANG_WARN_EMPTY_BODY = YES;
				CLANG_WARN_ENUM_CONVERSION = YES;
				CLANG_WARN_INFINITE_RECURSION = YES;
				CLANG_WARN_INT_CONVERSION = YES;
				CLANG_WARN_NON_LITERAL_NULL_CONVERSION = YES;
				CLANG_WARN_OBJC_LITERAL_CONVERSION = YES;
				CLANG_WARN_RANGE_LOOP_ANALYSIS = YES;
				CLANG_WARN_STRICT_PROTOTYPES = YES;
				CLANG_WARN_SUSPICIOUS_MOVE = YES;
				CLANG_WARN_UNREACHABLE_CODE = YES;
				CLANG_WARN__DUPLICATE_METHOD_MATCH = YES;
				CONFIGURATION_BUILD_DIR = "../lib/$(CONFIGURATION)$(EFFECTIVE_PLATFORM_NAME)";
				COPY_PHASE_STRIP = YES;
				DEFINES_MODULE = NO;
				DEPLOYMENT_LOCATION = YES;
				DSTROOT = ../tenvisty/lib;
				ENABLE_BITCODE = NO;
				ENABLE_STRICT_OBJC_MSGSEND = YES;
				GCC_C_LANGUAGE_STANDARD = gnu99;
				GCC_NO_COMMON_BLOCKS = YES;
				GCC_VERSION = com.apple.compilers.llvm.clang.1_0;
				GCC_WARN_64_TO_32_BIT_CONVERSION = YES;
				GCC_WARN_ABOUT_RETURN_TYPE = YES;
				GCC_WARN_UNDECLARED_SELECTOR = YES;
				GCC_WARN_UNINITIALIZED_AUTOS = YES;
				GCC_WARN_UNUSED_FUNCTION = YES;
				GCC_WARN_UNUSED_VARIABLE = YES;
				HEADER_SEARCH_PATHS = (
					"speex-1.2rc1/include",
					"mpg123-1.13.4/src/libmpg123",
					IOTCamera/include,
				);
				IPHONEOS_DEPLOYMENT_TARGET = 8.0;
				LINK_WITH_STANDARD_LIBRARIES = YES;
				MACH_O_TYPE = mh_object;
				MACOSX_DEPLOYMENT_TARGET = 10.7;
				SDKROOT = iphoneos;
				SKIP_INSTALL = YES;
				STRIP_STYLE = "non-global";
				TARGETED_DEVICE_FAMILY = "1,2";
				VALIDATE_PRODUCT = YES;
			};
			name = Release;
		};
		61EC09B71599B9E800BE959E /* Debug */ = {
			isa = XCBuildConfiguration;
			buildSettings = {
				DEAD_CODE_STRIPPING = NO;
				DEFINES_MODULE = NO;
				DEPLOYMENT_LOCATION = YES;
				DSTROOT = ../tenvisty/lib;
				ENABLE_BITCODE = NO;
				GCC_ENABLE_OBJC_EXCEPTIONS = YES;
				GCC_PRECOMPILE_PREFIX_HEADER = YES;
				GCC_PREFIX_HEADER = "IOTCamera/IOTCamera-Prefix.pch";
				GCC_VERSION = "";
				GCC_WARN_64_TO_32_BIT_CONVERSION = YES;
				HEADER_SEARCH_PATHS = (
					"$(inherited)",
					H264Dec/H264Dec,
				);
				INFOPLIST_FILE = "IOTCamera/IOTCamera-Info.plist";
				INSTALL_PATH = "";
				LIBRARY_SEARCH_PATHS = (
					"$(inherited)",
					../tenvisty,
					"$(PROJECT_DIR)",
					"$(PROJECT_DIR)/lib",
				);
				LINK_WITH_STANDARD_LIBRARIES = YES;
				MACH_O_TYPE = mh_object;
				MACOSX_DEPLOYMENT_TARGET = 10.7;
				ONLY_ACTIVE_ARCH = YES;
				OTHER_CFLAGS = "-DDEBUG";
				OTHER_LDFLAGS = "-all_load";
				PRODUCT_BUNDLE_IDENTIFIER = com.tutk.IOTCamera;
				PRODUCT_NAME = "$(TARGET_NAME)";
				SDKROOT = iphoneos;
				SKIP_INSTALL = YES;
				TARGETED_DEVICE_FAMILY = "1,2";
				VALID_ARCHS = "armv7 armv7s arm64";
				WRAPPER_EXTENSION = framework;
			};
			name = Debug;
		};
		61EC09B81599B9E800BE959E /* Release */ = {
			isa = XCBuildConfiguration;
			buildSettings = {
				DEAD_CODE_STRIPPING = NO;
				DEBUG_INFORMATION_FORMAT = "dwarf-with-dsym";
				DEFINES_MODULE = NO;
				DEPLOYMENT_LOCATION = YES;
				DSTROOT = ../tenvisty/lib;
				ENABLE_BITCODE = NO;
				GCC_ENABLE_OBJC_EXCEPTIONS = YES;
				GCC_PRECOMPILE_PREFIX_HEADER = YES;
				GCC_PREFIX_HEADER = "IOTCamera/IOTCamera-Prefix.pch";
				GCC_VERSION = "";
				GCC_WARN_64_TO_32_BIT_CONVERSION = YES;
				HEADER_SEARCH_PATHS = (
					"$(inherited)",
					H264Dec/H264Dec,
				);
				INFOPLIST_FILE = "IOTCamera/IOTCamera-Info.plist";
				INSTALL_PATH = "";
				LIBRARY_SEARCH_PATHS = (
					"$(inherited)",
					../tenvisty,
					"$(PROJECT_DIR)",
					"$(PROJECT_DIR)/lib",
				);
				LINK_WITH_STANDARD_LIBRARIES = YES;
				MACH_O_TYPE = mh_object;
				MACOSX_DEPLOYMENT_TARGET = 10.7;
				ONLY_ACTIVE_ARCH = NO;
				OTHER_LDFLAGS = "-all_load";
				PRODUCT_BUNDLE_IDENTIFIER = com.tutk.IOTCamera;
				PRODUCT_NAME = "$(TARGET_NAME)";
				SDKROOT = iphoneos;
				SKIP_INSTALL = YES;
				TARGETED_DEVICE_FAMILY = "1,2";
				VALID_ARCHS = "armv7 armv7s arm64";
				WRAPPER_EXTENSION = framework;
			};
			name = Release;
		};
/* End XCBuildConfiguration section */

/* Begin XCConfigurationList section */
		612B288615999A29002E82F9 /* Build configuration list for PBXProject "IOTCamera" */ = {
			isa = XCConfigurationList;
			buildConfigurations = (
				612B289715999A29002E82F9 /* Debug */,
				612B289815999A29002E82F9 /* Release */,
			);
			defaultConfigurationIsVisible = 0;
			defaultConfigurationName = Debug;
		};
		61EC09B61599B9E800BE959E /* Build configuration list for PBXNativeTarget "IOTCamera" */ = {
			isa = XCConfigurationList;
			buildConfigurations = (
				61EC09B71599B9E800BE959E /* Debug */,
				61EC09B81599B9E800BE959E /* Release */,
			);
			defaultConfigurationIsVisible = 0;
			defaultConfigurationName = Debug;
		};
/* End XCConfigurationList section */
	};
	rootObject = 612B288315999A29002E82F9 /* Project object */;
}
